
Microsoft Visual Studio Solution File, Format Version 12.00
# Visual Studio Version 16
VisualStudioVersion = 16.0.31624.102
MinimumVisualStudioVersion = 10.0.40219.1
Project("{8BC9CEB8-8B4A-11D0-8D11-00A0C91BC942}") = "laba2", "laba2\laba2.vcxproj", "{22CE47CC-7829-4C18-BF14-B54F0A84FB1D}"
EndProject
Global
	GlobalSection(SolutionConfigurationPlatforms) = preSolution
		Debug|x64 = Debug|x64
		Debug|x86 = Debug|x86
		Release|x64 = Release|x64
		Release|x86 = Release|x86
	EndGlobalSection
	GlobalSection(ProjectConfigurationPlatforms) = postSolution
		{22CE47CC-7829-4C18-BF14-B54F0A84FB1D}.Debug|x64.ActiveCfg = Debug|x64
		{22CE47CC-7829-4C18-BF14-B54F0A84FB1D}.Debug|x64.Build.0 = Debug|x64
		{22CE47CC-7829-4C18-BF14-B54F0A84FB1D}.Debug|x86.ActiveCfg = Debug|Win32
		{22CE47CC-7829-4C18-BF14-B54F0A84FB1D}.Debug|x86.Build.0 = Debug|Win32
		{22CE47CC-7829-4C18-BF14-B54F0A84FB1D}.Release|x64.ActiveCfg = Release|x64
		{22CE47CC-7829-4C18-BF14-B54F0A84FB1D}.Release|x64.Build.0 = Release|x64
		{22CE47CC-7829-4C18-BF14-B54F0A84FB1D}.Release|x86.ActiveCfg = Release|Win32
		{22CE47CC-7829-4C18-BF14-B54F0A84FB1D}.Release|x86.Build.0 = Release|Win32
	EndGlobalSection
	GlobalSection(SolutionProperties) = preSolution
		HideSolutionNode = FALSE
	EndGlobalSection
	GlobalSection(ExtensibilityGlobals) = postSolution
		SolutionGuid = {7FA5A9BF-90E5-42A3-99FD-EBF8EF7B0EA9}
	EndGlobalSection
EndGlobal
